
Microsoft Visual Studio Solution File, Format Version 12.00
# Visual Studio 15
VisualStudioVersion = 15.0.27703.2047
MinimumVisualStudioVersion = 10.0.40219.1
Project("{8BC9CEB8-8B4A-11D0-8D11-00A0C91BC942}") = "SW_14502_Submit", "SW_14502_Submit\SW_14502_Submit.vcxproj", "{EEC3DC04-E684-4EFE-BACC-8FBB332BDDD3}"
EndProject
Global
	GlobalSection(SolutionConfigurationPlatforms) = preSolution
		Debug|x64 = Debug|x64
		Debug|x86 = Debug|x86
		Release|x64 = Release|x64
		Release|x86 = Release|x86
	EndGlobalSection
	GlobalSection(ProjectConfigurationPlatforms) = postSolution
		{EEC3DC04-E684-4EFE-BACC-8FBB332BDDD3}.Debug|x64.ActiveCfg = Debug|x64
		{EEC3DC04-E684-4EFE-BACC-8FBB332BDDD3}.Debug|x64.Build.0 = Debug|x64
		{EEC3DC04-E684-4EFE-BACC-8FBB332BDDD3}.Debug|x86.ActiveCfg = Debug|Win32
		{EEC3DC04-E684-4EFE-BACC-8FBB332BDDD3}.Debug|x86.Build.0 = Debug|Win32
		{EEC3DC04-E684-4EFE-BACC-8FBB332BDDD3}.Release|x64.ActiveCfg = Release|x64
		{EEC3DC04-E684-4EFE-BACC-8FBB332BDDD3}.Release|x64.Build.0 = Release|x64
		{EEC3DC04-E684-4EFE-BACC-8FBB332BDDD3}.Release|x86.ActiveCfg = Release|Win32
		{EEC3DC04-E684-4EFE-BACC-8FBB332BDDD3}.Release|x86.Build.0 = Release|Win32
	EndGlobalSection
	GlobalSection(SolutionProperties) = preSolution
		HideSolutionNode = FALSE
	EndGlobalSection
	GlobalSection(ExtensibilityGlobals) = postSolution
		SolutionGuid = {5F14FB82-5836-413C-8737-4A869B9DAD9F}
	EndGlobalSection
EndGlobal
